
Microsoft Visual Studio Solution File, Format Version 12.00
# Visual Studio Version 17
VisualStudioVersion = 17.1.32127.271
MinimumVisualStudioVersion = 10.0.40219.1
Project("{9A19103F-16F7-4668-BE54-9A1E7A4F7556}") = "SortBook", "Book\SortBook.csproj", "{5696CC9A-3B72-46CD-B221-E628619B0CA5}"
EndProject
Global
	GlobalSection(SolutionConfigurationPlatforms) = preSolution
		Debug|Any CPU = Debug|Any CPU
		Release|Any CPU = Release|Any CPU
	EndGlobalSection
	GlobalSection(ProjectConfigurationPlatforms) = postSolution
		{5696CC9A-3B72-46CD-B221-E628619B0CA5}.Debug|Any CPU.ActiveCfg = Debug|Any CPU
		{5696CC9A-3B72-46CD-B221-E628619B0CA5}.Debug|Any CPU.Build.0 = Debug|Any CPU
		{5696CC9A-3B72-46CD-B221-E628619B0CA5}.Release|Any CPU.ActiveCfg = Release|Any CPU
		{5696CC9A-3B72-46CD-B221-E628619B0CA5}.Release|Any CPU.Build.0 = Release|Any CPU
	EndGlobalSection
	GlobalSection(SolutionProperties) = preSolution
		HideSolutionNode = FALSE
	EndGlobalSection
	GlobalSection(ExtensibilityGlobals) = postSolution
		SolutionGuid = {DDC147E2-58BD-48E9-AF72-0A631A2CF5E2}
	EndGlobalSection
EndGlobal
